github.com/bgallie/jc1 v1.1.1 h1:lRzGB1TddAIcBMZzflASi+Dv10jfacRnIdI79XcLUsI=
github.com/bgallie/jc1 v1.1.1/go.mod h1:DYi1LTKWFhce4XAKhvyDp6y4cFvRmoXWq0uaCSi59Rc=
github.com/bgallie/tntEngine v1.0.0 h1:10710U3NyVphwibpT9f0ErTBtU0G4ej6m2BDiSuJkbc=
github.com/bgallie/tntEngine v1.0.0/go.mod h1:EKvNaD3gbNcq6v7ZxTht/gnwj0WiqjNfgPTA0zCvt0c=
