github.com/bgallie/jc1 v1.2.2 h1:EQtpW96gqzVH8jzXjiwIYUec0QlSwjp6OMOTO1rruoI=
github.com/bgallie/jc1 v1.2.2/go.mod h1:DYi1LTKWFhce4XAKhvyDp6y4cFvRmoXWq0uaCSi59Rc=
golang.org/x/crypto v0.20.0 h1:jmAMJJZXr5KiCw05dfYK9QnqaqKLYXijU23lsEdcQqg=
golang.org/x/crypto v0.20.0/go.mod h1:Xwo95rrVNIoSMx9wa1JroENMToLWn3RNVrTBpLHgZPQ=
golang.org/x/sys v0.17.0 h1:25cE3gD+tdBA7lp7QfhuV+rJiE9YXTcS3VG1SqssI/Y=
golang.org/x/sys v0.17.0/go.mod h1:/VUhepiaJMQUp4+oa/7Zr1D23ma6VTLIYjOOTFZPUcA=
