github.com/bgallie/jc1 v1.1.1 h1:lRzGB1TddAIcBMZzflASi+Dv10jfacRnIdI79XcLUsI=
github.com/bgallie/jc1 v1.1.1/go.mod h1:DYi1LTKWFhce4XAKhvyDp6y4cFvRmoXWq0uaCSi59Rc=
github.com/bgallie/jc1 v1.2.0 h1:LIqHOU2QVP15DxFHjWQ7bm3ojYalKFbYlOui8sGXScU=
github.com/bgallie/jc1 v1.2.0/go.mod h1:DYi1LTKWFhce4XAKhvyDp6y4cFvRmoXWq0uaCSi59Rc=
golang.org/x/crypto v0.1.0 h1:MDRAIl0xIo9Io2xV565hzXHw3zVseKrJKodhohM5CjU=
golang.org/x/crypto v0.1.0/go.mod h1:RecgLatLF4+eUMCP1PoPZQb+cVrJcOPbHkTkbkB9sbw=
golang.org/x/crypto v0.10.0 h1:LKqV2xt9+kDzSTfOhx4FrkEBcMrAgHSYgzywV9zcGmM=
golang.org/x/crypto v0.10.0/go.mod h1:o4eNf7Ede1fv+hwOwZsTHl9EsPFO6q6ZvYR8vYfY45I=
golang.org/x/sys v0.1.0 h1:kunALQeHf1/185U1i0GOB/fy1IPRDDpuoOOqRReG57U=
golang.org/x/sys v0.1.0/go.mod h1:oPkhp1MJrh7nUepCBck5+mAzfO9JrbApNNgaTdGDITg=
golang.org/x/sys v0.9.0 h1:KS/R3tvhPqvJvwcKfnBHJwwthS11LRhmM5D59eEXa0s=
golang.org/x/sys v0.9.0/go.mod h1:oPkhp1MJrh7nUepCBck5+mAzfO9JrbApNNgaTdGDITg=
